// !$*UTF8*$!
{
	archiveVersion = 1;
	classes = {
	};
	objectVersion = 50;
	objects = {

/* Begin PBXBuildFile section */
		831369B62142AFE9008041E0 /* AppDelegate.swift in Sources */ = {isa = PBXBuildFile; fileRef = 831369B52142AFE9008041E0 /* AppDelegate.swift */; };
		831369B82142AFE9008041E0 /* ViewController.swift in Sources */ = {isa = PBXBuildFile; fileRef = 831369B72142AFE9008041E0 /* ViewController.swift */; };
		831369BB2142AFE9008041E0 /* Main.storyboard in Resources */ = {isa = PBXBuildFile; fileRef = 831369B92142AFE9008041E0 /* Main.storyboard */; };
		831369BD2142AFEA008041E0 /* Assets.xcassets in Resources */ = {isa = PBXBuildFile; fileRef = 831369BC2142AFEA008041E0 /* Assets.xcassets */; };
		831369C02142AFEA008041E0 /* LaunchScreen.storyboard in Resources */ = {isa = PBXBuildFile; fileRef = 831369BE2142AFEA008041E0 /* LaunchScreen.storyboard */; };
		831369CA2142B779008041E0 /* moments.mp4 in Resources */ = {isa = PBXBuildFile; fileRef = 831369C72142B305008041E0 /* moments.mp4 */; };
		8387A6BD2143BC73007D0F17 /* OpeningViewController.swift in Sources */ = {isa = PBXBuildFile; fileRef = 8387A6BC2143BC73007D0F17 /* OpeningViewController.swift */; };
/* End PBXBuildFile section */

/* Begin PBXFileReference section */
		831369B22142AFE9008041E0 /* Project 08 VideoBKG.app */ = {isa = PBXFileReference; explicitFileType = wrapper.application; includeInIndex = 0; path = "Project 08 VideoBKG.app"; sourceTree = BUILT_PRODUCTS_DIR; };
		831369B52142AFE9008041E0 /* AppDelegate.swift */ = {isa = PBXFileReference; lastKnownFileType = sourcecode.swift; path = AppDelegate.swift; sourceTree = "<group>"; };
		831369B72142AFE9008041E0 /* ViewController.swift */ = {isa = PBXFileReference; lastKnownFileType = sourcecode.swift; path = ViewController.swift; sourceTree = "<group>"; };
		831369BA2142AFE9008041E0 /* Base */ = {isa = PBXFileReference; lastKnownFileType = file.storyboard; name = Base; path = Base.lproj/Main.storyboard; sourceTree = "<group>"; };
		831369BC2142AFEA008041E0 /* Assets.xcassets */ = {isa = PBXFileReference; lastKnownFileType = folder.assetcatalog; path = Assets.xcassets; sourceTree = "<group>"; };
		831369BF2142AFEA008041E0 /* Base */ = {isa = PBXFileReference; lastKnownFileType = file.storyboard; name = Base; path = Base.lproj/LaunchScreen.storyboard; sourceTree = "<group>"; };
		831369C12142AFEA008041E0 /* Info.plist */ = {isa = PBXFileReference; lastKnownFileType = text.plist.xml; path = Info.plist; sourceTree = "<group>"; };
		831369C72142B305008041E0 /* moments.mp4 */ = {isa = PBXFileReference; lastKnownFileType = file; path = moments.mp4; sourceTree = "<group>"; };
		8387A6BC2143BC73007D0F17 /* OpeningViewController.swift */ = {isa = PBXFileReference; lastKnownFileType = sourcecode.swift; path = OpeningViewController.swift; sourceTree = "<group>"; };
/* End PBXFileReference section */

/* Begin PBXFrameworksBuildPhase section */
		831369AF2142AFE9008041E0 /* Frameworks */ = {
			isa = PBXFrameworksBuildPhase;
			buildActionMask = 2147483647;
			files = (
			);
			runOnlyForDeploymentPostprocessing = 0;
		};
/* End PBXFrameworksBuildPhase section */

/* Begin PBXGroup section */
		831369A92142AFE9008041E0 = {
			isa = PBXGroup;
			children = (
				831369B42142AFE9008041E0 /* Project 08 VideoBKG */,
				831369B32142AFE9008041E0 /* Products */,
			);
			sourceTree = "<group>";
		};
		831369B32142AFE9008041E0 /* Products */ = {
			isa = PBXGroup;
			children = (
				831369B22142AFE9008041E0 /* Project 08 VideoBKG.app */,
			);
			name = Products;
			sourceTree = "<group>";
		};
		831369B42142AFE9008041E0 /* Project 08 VideoBKG */ = {
			isa = PBXGroup;
			children = (
				831369B52142AFE9008041E0 /* AppDelegate.swift */,
				831369B72142AFE9008041E0 /* ViewController.swift */,
				831369B92142AFE9008041E0 /* Main.storyboard */,
				8387A6BC2143BC73007D0F17 /* OpeningViewController.swift */,
				831369BC2142AFEA008041E0 /* Assets.xcassets */,
				831369BE2142AFEA008041E0 /* LaunchScreen.storyboard */,
				831369C72142B305008041E0 /* moments.mp4 */,
				831369C12142AFEA008041E0 /* Info.plist */,
			);
			path = "Project 08 VideoBKG";
			sourceTree = "<group>";
		};
/* End PBXGroup section */

/* Begin PBXNativeTarget section */
		831369B12142AFE9008041E0 /* Project 08 VideoBKG */ = {
			isa = PBXNativeTarget;
			buildConfigurationList = 831369C42142AFEA008041E0 /* Build configuration list for PBXNativeTarget "Project 08 VideoBKG" */;
			buildPhases = (
				831369AE2142AFE9008041E0 /* Sources */,
				831369AF2142AFE9008041E0 /* Frameworks */,
				831369B02142AFE9008041E0 /* Resources */,
			);
			buildRules = (
			);
			dependencies = (
			);
			name = "Project 08 VideoBKG";
			productName = "Project 08 VideoBKG";
			productReference = 831369B22142AFE9008041E0 /* Project 08 VideoBKG.app */;
			productType = "com.apple.product-type.application";
		};
/* End PBXNativeTarget section */

/* Begin PBXProject section */
		831369AA2142AFE9008041E0 /* Project object */ = {
			isa = PBXProject;
			attributes = {
				LastSwiftUpdateCheck = 0940;
				LastUpgradeCheck = 0940;
				ORGANIZATIONNAME = Chris;
				TargetAttributes = {
					831369B12142AFE9008041E0 = {
						CreatedOnToolsVersion = 9.4.1;
					};
				};
			};
			buildConfigurationList = 831369AD2142AFE9008041E0 /* Build configuration list for PBXProject "Project 08 VideoBKG" */;
			compatibilityVersion = "Xcode 9.3";
			developmentRegion = en;
			hasScannedForEncodings = 0;
			knownRegions = (
				en,
				Base,
			);
			mainGroup = 831369A92142AFE9008041E0;
			productRefGroup = 831369B32142AFE9008041E0 /* Products */;
			projectDirPath = "";
			projectRoot = "";
			targets = (
				831369B12142AFE9008041E0 /* Project 08 VideoBKG */,
			);
		};
/* End PBXProject section */

/* Begin PBXResourcesBuildPhase section */
		831369B02142AFE9008041E0 /* Resources */ = {
			isa = PBXResourcesBuildPhase;
			buildActionMask = 2147483647;
			files = (
				831369CA2142B779008041E0 /* moments.mp4 in Resources */,
				831369C02142AFEA008041E0 /* LaunchScreen.storyboard in Resources */,
				831369BD2142AFEA008041E0 /* Assets.xcassets in Resources */,
				831369BB2142AFE9008041E0 /* Main.storyboard in Resources */,
			);
			runOnlyForDeploymentPostprocessing = 0;
		};
/* End PBXResourcesBuildPhase section */

/* Begin PBXSourcesBuildPhase section */
		831369AE2142AFE9008041E0 /* Sources */ = {
			isa = PBXSourcesBuildPhase;
			buildActionMask = 2147483647;
			files = (
				831369B82142AFE9008041E0 /* ViewController.swift in Sources */,
				8387A6BD2143BC73007D0F17 /* OpeningViewController.swift in Sources */,
				831369B62142AFE9008041E0 /* AppDelegate.swift in Sources */,
			);
			runOnlyForDeploymentPostprocessing = 0;
		};
/* End PBXSourcesBuildPhase section */

/* Begin PBXVariantGroup section */
		831369B92142AFE9008041E0 /* Main.storyboard */ = {
			isa = PBXVariantGroup;
			children = (
				831369BA2142AFE9008041E0 /* Base */,
			);
			name = Main.storyboard;
			sourceTree = "<group>";
		};
		831369BE2142AFEA008041E0 /* LaunchScreen.storyboard */ = {
			isa = PBXVariantGroup;
			children = (
				831369BF2142AFEA008041E0 /* Base */,
			);
			name = LaunchScreen.storyboard;
			sourceTree = "<group>";
		};
/* End PBXVariantGroup section */

/* Begin XCBuildConfiguration section */
		831369C22142AFEA008041E0 /* Debug */ = {
			isa = XCBuildConfiguration;
			buildSettings = {
				ALWAYS_SEARCH_USER_PATHS = NO;
				CLANG_ANALYZER_NONNULL = YES;
				CLANG_ANALYZER_NUMBER_OBJECT_CONVERSION = YES_AGGRESSIVE;
				CLANG_CXX_LANGUAGE_STANDARD = "gnu++14";
				CLANG_CXX_LIBRARY = "libc++";
				CLANG_ENABLE_MODULES = YES;
				CLANG_ENABLE_OBJC_ARC = YES;
				CLANG_ENABLE_OBJC_WEAK = YES;
				CLANG_WARN_BLOCK_CAPTURE_AUTORELEASING = YES;
				CLANG_WARN_BOOL_CONVERSION = YES;
				CLANG_WARN_COMMA = YES;
				CLANG_WARN_CONSTANT_CONVERSION = YES;
				CLANG_WARN_DEPRECATED_OBJC_IMPLEMENTATIONS = YES;
				CLANG_WARN_DIRECT_OBJC_ISA_USAGE = YES_ERROR;
				CLANG_WARN_DOCUMENTATION_COMMENTS = YES;
				CLANG_WARN_EMPTY_BODY = YES;
				CLANG_WARN_ENUM_CONVERSION = YES;
				CLANG_WARN_INFINITE_RECURSION = YES;
				CLANG_WARN_INT_CONVERSION = YES;
				CLANG_WARN_NON_LITERAL_NULL_CONVERSION = YES;
				CLANG_WARN_OBJC_IMPLICIT_RETAIN_SELF = YES;
				CLANG_WARN_OBJC_LITERAL_CONVERSION = YES;
				CLANG_WARN_OBJC_ROOT_CLASS = YES_ERROR;
				CLANG_WARN_RANGE_LOOP_ANALYSIS = YES;
				CLANG_WARN_STRICT_PROTOTYPES = YES;
				CLANG_WARN_SUSPICIOUS_MOVE = YES;
				CLANG_WARN_UNGUARDED_AVAILABILITY = YES_AGGRESSIVE;
				CLANG_WARN_UNREACHABLE_CODE = YES;
				CLANG_WARN__DUPLICATE_METHOD_MATCH = YES;
				CODE_SIGN_IDENTITY = "iPhone Developer";
				COPY_PHASE_STRIP = NO;
				DEBUG_INFORMATION_FORMAT = dwarf;
				ENABLE_STRICT_OBJC_MSGSEND = YES;
				ENABLE_TESTABILITY = YES;
				GCC_C_LANGUAGE_STANDARD = gnu11;
				GCC_DYNAMIC_NO_PIC = NO;
				GCC_NO_COMMON_BLOCKS = YES;
				GCC_OPTIMIZATION_LEVEL = 0;
				GCC_PREPROCESSOR_DEFINITIONS = (
					"DEBUG=1",
					"$(inherited)",
				);
				GCC_WARN_64_TO_32_BIT_CONVERSION = YES;
				GCC_WARN_ABOUT_RETURN_TYPE = YES_ERROR;
				GCC_WARN_UNDECLARED_SELECTOR = YES;
				GCC_WARN_UNINITIALIZED_AUTOS = YES_AGGRESSIVE;
				GCC_WARN_UNUSED_FUNCTION = YES;
				GCC_WARN_UNUSED_VARIABLE = YES;
				IPHONEOS_DEPLOYMENT_TARGET = 11.4;
				MTL_ENABLE_DEBUG_INFO = YES;
				ONLY_ACTIVE_ARCH = YES;
				SDKROOT = iphoneos;
				SWIFT_ACTIVE_COMPILATION_CONDITIONS = DEBUG;
				SWIFT_OPTIMIZATION_LEVEL = "-Onone";
			};
			name = Debug;
		};
		831369C32142AFEA008041E0 /* Release */ = {
			isa = XCBuildConfiguration;
			buildSettings = {
				ALWAYS_SEARCH_USER_PATHS = NO;
				CLANG_ANALYZER_NONNULL = YES;
				CLANG_ANALYZER_NUMBER_OBJECT_CONVERSION = YES_AGGRESSIVE;
				CLANG_CXX_LANGUAGE_STANDARD = "gnu++14";
				CLANG_CXX_LIBRARY = "libc++";
				CLANG_ENABLE_MODULES = YES;
				CLANG_ENABLE_OBJC_ARC = YES;
				CLANG_ENABLE_OBJC_WEAK = YES;
				CLANG_WARN_BLOCK_CAPTURE_AUTORELEASING = YES;
				CLANG_WARN_BOOL_CONVERSION = YES;
				CLANG_WARN_COMMA = YES;
				CLANG_WARN_CONSTANT_CONVERSION = YES;
				CLANG_WARN_DEPRECATED_OBJC_IMPLEMENTATIONS = YES;
				CLANG_WARN_DIRECT_OBJC_ISA_USAGE = YES_ERROR;
				CLANG_WARN_DOCUMENTATION_COMMENTS = YES;
				CLANG_WARN_EMPTY_BODY = YES;
				CLANG_WARN_ENUM_CONVERSION = YES;
				CLANG_WARN_INFINITE_RECURSION = YES;
				CLANG_WARN_INT_CONVERSION = YES;
				CLANG_WARN_NON_LITERAL_NULL_CONVERSION = YES;
				CLANG_WARN_OBJC_IMPLICIT_RETAIN_SELF = YES;
				CLANG_WARN_OBJC_LITERAL_CONVERSION = YES;
				CLANG_WARN_OBJC_ROOT_CLASS = YES_ERROR;
				CLANG_WARN_RANGE_LOOP_ANALYSIS = YES;
				CLANG_WARN_STRICT_PROTOTYPES = YES;
				CLANG_WARN_SUSPICIOUS_MOVE = YES;
				CLANG_WARN_UNGUARDED_AVAILABILITY = YES_AGGRESSIVE;
				CLANG_WARN_UNREACHABLE_CODE = YES;
				CLANG_WARN__DUPLICATE_METHOD_MATCH = YES;
				CODE_SIGN_IDENTITY = "iPhone Developer";
				COPY_PHASE_STRIP = NO;
				DEBUG_INFORMATION_FORMAT = "dwarf-with-dsym";
				ENABLE_NS_ASSERTIONS = NO;
				ENABLE_STRICT_OBJC_MSGSEND = YES;
				GCC_C_LANGUAGE_STANDARD = gnu11;
				GCC_NO_COMMON_BLOCKS = YES;
				GCC_WARN_64_TO_32_BIT_CONVERSION = YES;
				GCC_WARN_ABOUT_RETURN_TYPE = YES_ERROR;
				GCC_WARN_UNDECLARED_SELECTOR = YES;
				GCC_WARN_UNINITIALIZED_AUTOS = YES_AGGRESSIVE;
				GCC_WARN_UNUSED_FUNCTION = YES;
				GCC_WARN_UNUSED_VARIABLE = YES;
				IPHONEOS_DEPLOYMENT_TARGET = 11.4;
				MTL_ENABLE_DEBUG_INFO = NO;
				SDKROOT = iphoneos;
				SWIFT_COMPILATION_MODE = wholemodule;
				SWIFT_OPTIMIZATION_LEVEL = "-O";
				VALIDATE_PRODUCT = YES;
			};
			name = Release;
		};
		831369C52142AFEA008041E0 /* Debug */ = {
			isa = XCBuildConfiguration;
			buildSettings = {
				ASSETCATALOG_COMPILER_APPICON_NAME = AppIcon;
				CODE_SIGN_STYLE = Automatic;
				DEVELOPMENT_TEAM = QUVTA8Q65R;
				INFOPLIST_FILE = "Project 08 VideoBKG/Info.plist";
				IPHONEOS_DEPLOYMENT_TARGET = 11.3;
				LD_RUNPATH_SEARCH_PATHS = (
					"$(inherited)",
					"@executable_path/Frameworks",
				);
				PRODUCT_BUNDLE_IDENTIFIER = "com.jkjk.Project-08-VideoBKG";
				PRODUCT_NAME = "$(TARGET_NAME)";
				SWIFT_VERSION = 4.0;
				TARGETED_DEVICE_FAMILY = 1;
			};
			name = Debug;
		};
		831369C62142AFEA008041E0 /* Release */ = {
			isa = XCBuildConfiguration;
			buildSettings = {
				ASSETCATALOG_COMPILER_APPICON_NAME = AppIcon;
				CODE_SIGN_STYLE = Automatic;
				DEVELOPMENT_TEAM = QUVTA8Q65R;
				INFOPLIST_FILE = "Project 08 VideoBKG/Info.plist";
				IPHONEOS_DEPLOYMENT_TARGET = 11.3;
				LD_RUNPATH_SEARCH_PATHS = (
					"$(inherited)",
					"@executable_path/Frameworks",
				);
				PRODUCT_BUNDLE_IDENTIFIER = "com.jkjk.Project-08-VideoBKG";
				PRODUCT_NAME = "$(TARGET_NAME)";
				SWIFT_VERSION = 4.0;
				TARGETED_DEVICE_FAMILY = 1;
			};
			name = Release;
		};
/* End XCBuildConfiguration section */

/* Begin XCConfigurationList section */
		831369AD2142AFE9008041E0 /* Build configuration list for PBXProject "Project 08 VideoBKG" */ = {
			isa = XCConfigurationList;
			buildConfigurations = (
				831369C22142AFEA008041E0 /* Debug */,
				831369C32142AFEA008041E0 /* Release */,
			);
			defaultConfigurationIsVisible = 0;
			defaultConfigurationName = Release;
		};
		831369C42142AFEA008041E0 /* Build configuration list for PBXNativeTarget "Project 08 VideoBKG" */ = {
			isa = XCConfigurationList;
			buildConfigurations = (
				831369C52142AFEA008041E0 /* Debug */,
				831369C62142AFEA008041E0 /* Release */,
			);
			defaultConfigurationIsVisible = 0;
			defaultConfigurationName = Release;
		};
/* End XCConfigurationList section */
	};
	rootObject = 831369AA2142AFE9008041E0 /* Project object */;
}
